{
    "name": "myqueue-sourcegraph",
    "version": "0.1.0",
    "lockfileVersion": 3,
    "requires": true,
    "packages": {
        "": {
            "name": "myqueue-sourcegraph",
            "version": "0.1.0",
            "devDependencies": {
                "@sourcegraph/scip-typescript": "^0.3.15"
            }
        },
        "node_modules/@sourcegraph/scip-typescript": {
            "version": "0.3.15",
            "resolved": "https://tfs.p.vu.local/tfs/DefaultCollection/_packaging/vu-npm/npm/registry/@sourcegraph/scip-typescript/-/scip-typescript-0.3.15.tgz",
            "integrity": "sha1-zn0V/KlF6y7ZrzDxmS3z49htWxg=",
            "dev": true,
            "license": "Apache-2.0",
            "dependencies": {
                "commander": "^12.1.0",
                "google-protobuf": "^3.21.4",
                "progress": "^2.0.3",
                "typescript": "^5.6.2"
            },
            "bin": {
                "scip-typescript": "dist/src/main.js"
            }
        },
        "node_modules/commander": {
            "version": "12.1.0",
            "resolved": "https://tfs.p.vu.local/tfs/DefaultCollection/_packaging/vu-npm/npm/registry/commander/-/commander-12.1.0.tgz",
            "integrity": "sha1-AUI7NvUBJZ/arE0OTWDJbJkVhdM=",
            "dev": true,
            "license": "MIT",
            "engines": {
                "node": ">=18"
            }
        },
        "node_modules/google-protobuf": {
            "version": "3.21.4",
            "resolved": "https://tfs.p.vu.local/tfs/DefaultCollection/_packaging/vu-npm/npm/registry/google-protobuf/-/google-protobuf-3.21.4.tgz",
            "integrity": "sha1-L5M+i25en47d5mt74AJLaPd9psk=",
            "dev": true,
            "license": "(BSD-3-Clause AND Apache-2.0)"
        },
        "node_modules/progress": {
            "version": "2.0.3",
            "resolved": "https://tfs.p.vu.local/tfs/DefaultCollection/_packaging/vu-npm/npm/registry/progress/-/progress-2.0.3.tgz",
            "integrity": "sha1-foz42PW48jnBvGi+tOt4Vn1XLvg=",
            "dev": true,
            "license": "MIT",
            "engines": {
                "node": ">=0.4.0"
            }
        },
        "node_modules/typescript": {
            "version": "5.9.2",
            "resolved": "https://tfs.p.vu.local/tfs/DefaultCollection/_packaging/vu-npm/npm/registry/typescript/-/typescript-5.9.2.tgz",
            "integrity": "sha1-2TRQzd7FFUotXKvjuBArgzFvsqY=",
            "dev": true,
            "license": "Apache-2.0",
            "bin": {
                "tsc": "bin/tsc",
                "tsserver": "bin/tsserver"
            },
            "engines": {
                "node": ">=14.17"
            }
        }
    }
}
